
Microsoft Visual Studio Solution File, Format Version 12.00
# Visual Studio Version 16
VisualStudioVersion = 16.0.30711.63
MinimumVisualStudioVersion = 10.0.40219.1
Project("{FAE04EC0-301F-11D3-BF4B-00C04F79EFBC}") = "Dot.Challenge", "Dot.Challenge\Dot.Challenge.csproj", "{09DAC10C-4351-43FD-AD5E-85227C4090B5}"
EndProject
Project("{FAE04EC0-301F-11D3-BF4B-00C04F79EFBC}") = "Dot.Challenge.Model", "Dot.Challenge.Model\Dot.Challenge.Model.csproj", "{7EE9BCD1-CEC3-4A18-A365-2A6B38261F25}"
EndProject
Project("{FAE04EC0-301F-11D3-BF4B-00C04F79EFBC}") = "Dot.Challenge.Test", "Dot.Challenge.Test\Dot.Challenge.Test.csproj", "{F299089C-493A-4A9C-8972-8092EE649373}"
EndProject
Global
	GlobalSection(SolutionConfigurationPlatforms) = preSolution
		Debug|Any CPU = Debug|Any CPU
		Release|Any CPU = Release|Any CPU
	EndGlobalSection
	GlobalSection(ProjectConfigurationPlatforms) = postSolution
		{09DAC10C-4351-43FD-AD5E-85227C4090B5}.Debug|Any CPU.ActiveCfg = Debug|Any CPU
		{09DAC10C-4351-43FD-AD5E-85227C4090B5}.Debug|Any CPU.Build.0 = Debug|Any CPU
		{09DAC10C-4351-43FD-AD5E-85227C4090B5}.Release|Any CPU.ActiveCfg = Release|Any CPU
		{09DAC10C-4351-43FD-AD5E-85227C4090B5}.Release|Any CPU.Build.0 = Release|Any CPU
		{7EE9BCD1-CEC3-4A18-A365-2A6B38261F25}.Debug|Any CPU.ActiveCfg = Debug|Any CPU
		{7EE9BCD1-CEC3-4A18-A365-2A6B38261F25}.Debug|Any CPU.Build.0 = Debug|Any CPU
		{7EE9BCD1-CEC3-4A18-A365-2A6B38261F25}.Release|Any CPU.ActiveCfg = Release|Any CPU
		{7EE9BCD1-CEC3-4A18-A365-2A6B38261F25}.Release|Any CPU.Build.0 = Release|Any CPU
		{F299089C-493A-4A9C-8972-8092EE649373}.Debug|Any CPU.ActiveCfg = Debug|Any CPU
		{F299089C-493A-4A9C-8972-8092EE649373}.Debug|Any CPU.Build.0 = Debug|Any CPU
		{F299089C-493A-4A9C-8972-8092EE649373}.Release|Any CPU.ActiveCfg = Release|Any CPU
		{F299089C-493A-4A9C-8972-8092EE649373}.Release|Any CPU.Build.0 = Release|Any CPU
	EndGlobalSection
	GlobalSection(SolutionProperties) = preSolution
		HideSolutionNode = FALSE
	EndGlobalSection
	GlobalSection(ExtensibilityGlobals) = postSolution
		SolutionGuid = {11AD10FA-000D-4A14-9289-1A910369F5A2}
	EndGlobalSection
EndGlobal
